
Microsoft Visual Studio Solution File, Format Version 12.00
# Visual Studio 15
Project("{FAE04EC0-301F-11D3-BF4B-00C04F79EFBC}") = "ASPNetRazorPageDemo", "ASPNetRazorPageDemo.csproj", "{87B52008-5212-4A1C-BA88-30757DE19165}"
EndProject
Global
	GlobalSection(SolutionConfigurationPlatforms) = preSolution
		Debug|Any CPU = Debug|Any CPU
		Release|Any CPU = Release|Any CPU
	EndGlobalSection
	GlobalSection(ProjectConfigurationPlatforms) = postSolution
		{87B52008-5212-4A1C-BA88-30757DE19165}.Debug|Any CPU.ActiveCfg = Debug|Any CPU
		{87B52008-5212-4A1C-BA88-30757DE19165}.Debug|Any CPU.Build.0 = Debug|Any CPU
		{87B52008-5212-4A1C-BA88-30757DE19165}.Release|Any CPU.ActiveCfg = Release|Any CPU
		{87B52008-5212-4A1C-BA88-30757DE19165}.Release|Any CPU.Build.0 = Release|Any CPU
	EndGlobalSection
EndGlobal
